
Microsoft Visual Studio Solution File, Format Version 12.00
# Visual Studio Version 16
VisualStudioVersion = 16.0.31729.503
MinimumVisualStudioVersion = 10.0.40219.1
Project("{FAE04EC0-301F-11D3-BF4B-00C04F79EFBC}") = "EvergreenMovies", "EvergreenMovies\EvergreenMovies.csproj", "{6C271047-8D5F-4AD1-84B0-0BB821085ACF}"
EndProject
Global
	GlobalSection(SolutionConfigurationPlatforms) = preSolution
		Debug|Any CPU = Debug|Any CPU
		Release|Any CPU = Release|Any CPU
	EndGlobalSection
	GlobalSection(ProjectConfigurationPlatforms) = postSolution
		{6C271047-8D5F-4AD1-84B0-0BB821085ACF}.Debug|Any CPU.ActiveCfg = Debug|Any CPU
		{6C271047-8D5F-4AD1-84B0-0BB821085ACF}.Debug|Any CPU.Build.0 = Debug|Any CPU
		{6C271047-8D5F-4AD1-84B0-0BB821085ACF}.Release|Any CPU.ActiveCfg = Release|Any CPU
		{6C271047-8D5F-4AD1-84B0-0BB821085ACF}.Release|Any CPU.Build.0 = Release|Any CPU
	EndGlobalSection
	GlobalSection(SolutionProperties) = preSolution
		HideSolutionNode = FALSE
	EndGlobalSection
	GlobalSection(ExtensibilityGlobals) = postSolution
		SolutionGuid = {82FB9122-1BFF-420B-B60B-D386C273E34F}
	EndGlobalSection
EndGlobal
